
Microsoft Visual Studio Solution File, Format Version 12.00
# Visual Studio Version 17
VisualStudioVersion = 17.4.33213.308
MinimumVisualStudioVersion = 10.0.40219.1
Project("{FAE04EC0-301F-11D3-BF4B-00C04F79EFBC}") = "efone", "efone\efone.csproj", "{BDAC4EA6-67F8-4759-91F1-0CE6F782E9BE}"
EndProject
Global
	GlobalSection(SolutionConfigurationPlatforms) = preSolution
		Debug|Any CPU = Debug|Any CPU
		Release|Any CPU = Release|Any CPU
	EndGlobalSection
	GlobalSection(ProjectConfigurationPlatforms) = postSolution
		{BDAC4EA6-67F8-4759-91F1-0CE6F782E9BE}.Debug|Any CPU.ActiveCfg = Debug|Any CPU
		{BDAC4EA6-67F8-4759-91F1-0CE6F782E9BE}.Debug|Any CPU.Build.0 = Debug|Any CPU
		{BDAC4EA6-67F8-4759-91F1-0CE6F782E9BE}.Release|Any CPU.ActiveCfg = Release|Any CPU
		{BDAC4EA6-67F8-4759-91F1-0CE6F782E9BE}.Release|Any CPU.Build.0 = Release|Any CPU
	EndGlobalSection
	GlobalSection(SolutionProperties) = preSolution
		HideSolutionNode = FALSE
	EndGlobalSection
	GlobalSection(ExtensibilityGlobals) = postSolution
		SolutionGuid = {42D746DA-645D-4A53-8F20-AF2A9F228E2D}
	EndGlobalSection
EndGlobal
